// !$*UTF8*$!
{
	archiveVersion = 1;
	classes = {
	};
	objectVersion = 77;
	objects = {

/* Begin PBXContainerItemProxy section */
		B3676A542E163C4700DB146A /* PBXContainerItemProxy */ = {
			isa = PBXContainerItemProxy;
			containerPortal = B3676A3C2E163C4500DB146A /* Project object */;
			proxyType = 1;
			remoteGlobalIDString = B3676A432E163C4500DB146A;
			remoteInfo = ScreenshotNotes;
		};
		B3676A5E2E163C4700DB146A /* PBXContainerItemProxy */ = {
			isa = PBXContainerItemProxy;
			containerPortal = B3676A3C2E163C4500DB146A /* Project object */;
			proxyType = 1;
			remoteGlobalIDString = B3676A432E163C4500DB146A;
			remoteInfo = ScreenshotNotes;
		};
/* End PBXContainerItemProxy section */

/* Begin PBXFileReference section */
		B3676A442E163C4500DB146A /* ScreenshotNotes.app */ = {isa = PBXFileReference; explicitFileType = wrapper.application; includeInIndex = 0; path = ScreenshotNotes.app; sourceTree = BUILT_PRODUCTS_DIR; };
		B3676A532E163C4700DB146A /* ScreenshotNotesTests.xctest */ = {isa = PBXFileReference; explicitFileType = wrapper.cfbundle; includeInIndex = 0; path = ScreenshotNotesTests.xctest; sourceTree = BUILT_PRODUCTS_DIR; };
		B3676A5D2E163C4700DB146A /* ScreenshotNotesUITests.xctest */ = {isa = PBXFileReference; explicitFileType = wrapper.cfbundle; includeInIndex = 0; path = ScreenshotNotesUITests.xctest; sourceTree = BUILT_PRODUCTS_DIR; };
/* End PBXFileReference section */

/* Begin PBXFileSystemSynchronizedRootGroup section */
		B3676A462E163C4500DB146A /* ScreenshotNotes */ = {
			isa = PBXFileSystemSynchronizedRootGroup;
			path = ScreenshotNotes;
			sourceTree = "<group>";
		};
		B3676A562E163C4700DB146A /* ScreenshotNotesTests */ = {
			isa = PBXFileSystemSynchronizedRootGroup;
			path = ScreenshotNotesTests;
			sourceTree = "<group>";
		};
		B3676A602E163C4700DB146A /* ScreenshotNotesUITests */ = {
			isa = PBXFileSystemSynchronizedRootGroup;
			path = ScreenshotNotesUITests;
			sourceTree = "<group>";
		};
/* End PBXFileSystemSynchronizedRootGroup section */

/* Begin PBXFrameworksBuildPhase section */
		B3676A412E163C4500DB146A /* Frameworks */ = {
			isa = PBXFrameworksBuildPhase;
			buildActionMask = 2147483647;
			files = (
			);
			runOnlyForDeploymentPostprocessing = 0;
		};
		B3676A502E163C4700DB146A /* Frameworks */ = {
			isa = PBXFrameworksBuildPhase;
			buildActionMask = 2147483647;
			files = (
			);
			runOnlyForDeploymentPostprocessing = 0;
		};
		B3676A5A2E163C4700DB146A /* Frameworks */ = {
			isa = PBXFrameworksBuildPhase;
			buildActionMask = 2147483647;
			files = (
			);
			runOnlyForDeploymentPostprocessing = 0;
		};
/* End PBXFrameworksBuildPhase section */

/* Begin PBXGroup section */
		B3676A3B2E163C4500DB146A = {
			isa = PBXGroup;
			children = (
				B3676A462E163C4500DB146A /* ScreenshotNotes */,
				B3676A562E163C4700DB146A /* ScreenshotNotesTests */,
				B3676A602E163C4700DB146A /* ScreenshotNotesUITests */,
				B3676A452E163C4500DB146A /* Products */,
			);
			sourceTree = "<group>";
		};
		B3676A452E163C4500DB146A /* Products */ = {
			isa = PBXGroup;
			children = (
				B3676A442E163C4500DB146A /* ScreenshotNotes.app */,
				B3676A532E163C4700DB146A /* ScreenshotNotesTests.xctest */,
				B3676A5D2E163C4700DB146A /* ScreenshotNotesUITests.xctest */,
			);
			name = Products;
			sourceTree = "<group>";
		};
/* End PBXGroup section */

/* Begin PBXNativeTarget section */
		B3676A432E163C4500DB146A /* ScreenshotNotes */ = {
			isa = PBXNativeTarget;
			buildConfigurationList = B3676A672E163C4700DB146A /* Build configuration list for PBXNativeTarget "ScreenshotNotes" */;
			buildPhases = (
				B3676A402E163C4500DB146A /* Sources */,
				B3676A412E163C4500DB146A /* Frameworks */,
				B3676A422E163C4500DB146A /* Resources */,
			);
			buildRules = (
			);
			dependencies = (
			);
			fileSystemSynchronizedGroups = (
				B3676A462E163C4500DB146A /* ScreenshotNotes */,
			);
			name = ScreenshotNotes;
			productName = ScreenshotNotes;
			productReference = B3676A442E163C4500DB146A /* ScreenshotNotes.app */;
			productType = "com.apple.product-type.application";
		};
		B3676A522E163C4700DB146A /* ScreenshotNotesTests */ = {
			isa = PBXNativeTarget;
			buildConfigurationList = B3676A6A2E163C4700DB146A /* Build configuration list for PBXNativeTarget "ScreenshotNotesTests" */;
			buildPhases = (
				B3676A4F2E163C4700DB146A /* Sources */,
				B3676A502E163C4700DB146A /* Frameworks */,
				B3676A512E163C4700DB146A /* Resources */,
			);
			buildRules = (
			);
			dependencies = (
				B3676A552E163C4700DB146A /* PBXTargetDependency */,
			);
			fileSystemSynchronizedGroups = (
				B3676A562E163C4700DB146A /* ScreenshotNotesTests */,
			);
			name = ScreenshotNotesTests;
			productName = ScreenshotNotesTests;
			productReference = B3676A532E163C4700DB146A /* ScreenshotNotesTests.xctest */;
			productType = "com.apple.product-type.bundle.unit-test";
		};
		B3676A5C2E163C4700DB146A /* ScreenshotNotesUITests */ = {
			isa = PBXNativeTarget;
			buildConfigurationList = B3676A6D2E163C4700DB146A /* Build configuration list for PBXNativeTarget "ScreenshotNotesUITests" */;
			buildPhases = (
				B3676A592E163C4700DB146A /* Sources */,
				B3676A5A2E163C4700DB146A /* Frameworks */,
				B3676A5B2E163C4700DB146A /* Resources */,
			);
			buildRules = (
			);
			dependencies = (
				B3676A5F2E163C4700DB146A /* PBXTargetDependency */,
			);
			fileSystemSynchronizedGroups = (
				B3676A602E163C4700DB146A /* ScreenshotNotesUITests */,
			);
			name = ScreenshotNotesUITests;
			productName = ScreenshotNotesUITests;
			productReference = B3676A5D2E163C4700DB146A /* ScreenshotNotesUITests.xctest */;
			productType = "com.apple.product-type.bundle.ui-testing";
		};
/* End PBXNativeTarget section */

/* Begin PBXProject section */
		B3676A3C2E163C4500DB146A /* Project object */ = {
			isa = PBXProject;
			attributes = {
				BuildIndependentTargetsInParallel = 1;
				LastSwiftUpdateCheck = 1640;
				LastUpgradeCheck = 1640;
				TargetAttributes = {
					B3676A432E163C4500DB146A = {
						CreatedOnToolsVersion = 16.4;
					};
					B3676A522E163C4700DB146A = {
						CreatedOnToolsVersion = 16.4;
						TestTargetID = B3676A432E163C4500DB146A;
					};
					B3676A5C2E163C4700DB146A = {
						CreatedOnToolsVersion = 16.4;
						TestTargetID = B3676A432E163C4500DB146A;
					};
				};
			};
			buildConfigurationList = B3676A3F2E163C4500DB146A /* Build configuration list for PBXProject "ScreenshotNotes" */;
			developmentRegion = en;
			hasScannedForEncodings = 0;
			knownRegions = (
				en,
				Base,
			);
			mainGroup = B3676A3B2E163C4500DB146A;
			minimizedProjectReferenceProxies = 1;
			preferredProjectObjectVersion = 77;
			productRefGroup = B3676A452E163C4500DB146A /* Products */;
			projectDirPath = "";
			projectRoot = "";
			targets = (
				B3676A432E163C4500DB146A /* ScreenshotNotes */,
				B3676A522E163C4700DB146A /* ScreenshotNotesTests */,
				B3676A5C2E163C4700DB146A /* ScreenshotNotesUITests */,
			);
		};
/* End PBXProject section */

/* Begin PBXResourcesBuildPhase section */
		B3676A422E163C4500DB146A /* Resources */ = {
			isa = PBXResourcesBuildPhase;
			buildActionMask = 2147483647;
			files = (
			);
			runOnlyForDeploymentPostprocessing = 0;
		};
		B3676A512E163C4700DB146A /* Resources */ = {
			isa = PBXResourcesBuildPhase;
			buildActionMask = 2147483647;
			files = (
			);
			runOnlyForDeploymentPostprocessing = 0;
		};
		B3676A5B2E163C4700DB146A /* Resources */ = {
			isa = PBXResourcesBuildPhase;
			buildActionMask = 2147483647;
			files = (
			);
			runOnlyForDeploymentPostprocessing = 0;
		};
/* End PBXResourcesBuildPhase section */

/* Begin PBXSourcesBuildPhase section */
		B3676A402E163C4500DB146A /* Sources */ = {
			isa = PBXSourcesBuildPhase;
			buildActionMask = 2147483647;
			files = (
			);
			runOnlyForDeploymentPostprocessing = 0;
		};
		B3676A4F2E163C4700DB146A /* Sources */ = {
			isa = PBXSourcesBuildPhase;
			buildActionMask = 2147483647;
			files = (
			);
			runOnlyForDeploymentPostprocessing = 0;
		};
		B3676A592E163C4700DB146A /* Sources */ = {
			isa = PBXSourcesBuildPhase;
			buildActionMask = 2147483647;
			files = (
			);
			runOnlyForDeploymentPostprocessing = 0;
		};
/* End PBXSourcesBuildPhase section */

/* Begin PBXTargetDependency section */
		B3676A552E163C4700DB146A /* PBXTargetDependency */ = {
			isa = PBXTargetDependency;
			target = B3676A432E163C4500DB146A /* ScreenshotNotes */;
			targetProxy = B3676A542E163C4700DB146A /* PBXContainerItemProxy */;
		};
		B3676A5F2E163C4700DB146A /* PBXTargetDependency */ = {
			isa = PBXTargetDependency;
			target = B3676A432E163C4500DB146A /* ScreenshotNotes */;
			targetProxy = B3676A5E2E163C4700DB146A /* PBXContainerItemProxy */;
		};
/* End PBXTargetDependency section */

/* Begin XCBuildConfiguration section */
		B3676A652E163C4700DB146A /* Debug */ = {
			isa = XCBuildConfiguration;
			buildSettings = {
				ALWAYS_SEARCH_USER_PATHS = NO;
				ASSETCATALOG_COMPILER_GENERATE_SWIFT_ASSET_SYMBOL_EXTENSIONS = YES;
				CLANG_ANALYZER_NONNULL = YES;
				CLANG_ANALYZER_NUMBER_OBJECT_CONVERSION = YES_AGGRESSIVE;
				CLANG_CXX_LANGUAGE_STANDARD = "gnu++20";
				CLANG_ENABLE_MODULES = YES;
				CLANG_ENABLE_OBJC_ARC = YES;
				CLANG_ENABLE_OBJC_WEAK = YES;
				CLANG_WARN_BLOCK_CAPTURE_AUTORELEASING = YES;
				CLANG_WARN_BOOL_CONVERSION = YES;
				CLANG_WARN_COMMA = YES;
				CLANG_WARN_CONSTANT_CONVERSION = YES;
				CLANG_WARN_DEPRECATED_OBJC_IMPLEMENTATIONS = YES;
				CLANG_WARN_DIRECT_OBJC_ISA_USAGE = YES_ERROR;
				CLANG_WARN_DOCUMENTATION_COMMENTS = YES;
				CLANG_WARN_EMPTY_BODY = YES;
				CLANG_WARN_ENUM_CONVERSION = YES;
				CLANG_WARN_INFINITE_RECURSION = YES;
				CLANG_WARN_INT_CONVERSION = YES;
				CLANG_WARN_NON_LITERAL_NULL_CONVERSION = YES;
				CLANG_WARN_OBJC_IMPLICIT_RETAIN_SELF = YES;
				CLANG_WARN_OBJC_LITERAL_CONVERSION = YES;
				CLANG_WARN_OBJC_ROOT_CLASS = YES_ERROR;
				CLANG_WARN_QUOTED_INCLUDE_IN_FRAMEWORK_HEADER = YES;
				CLANG_WARN_RANGE_LOOP_ANALYSIS = YES;
				CLANG_WARN_STRICT_PROTOTYPES = YES;
				CLANG_WARN_SUSPICIOUS_MOVE = YES;
				CLANG_WARN_UNGUARDED_AVAILABILITY = YES_AGGRESSIVE;
				CLANG_WARN_UNREACHABLE_CODE = YES;
				CLANG_WARN__DUPLICATE_METHOD_MATCH = YES;
				COPY_PHASE_STRIP = NO;
				DEBUG_INFORMATION_FORMAT = dwarf;
				DEVELOPMENT_TEAM = 8GQ5EFFMV3;
				ENABLE_STRICT_OBJC_MSGSEND = YES;
				ENABLE_TESTABILITY = YES;
				ENABLE_USER_SCRIPT_SANDBOXING = YES;
				GCC_C_LANGUAGE_STANDARD = gnu17;
				GCC_DYNAMIC_NO_PIC = NO;
				GCC_NO_COMMON_BLOCKS = YES;
				GCC_OPTIMIZATION_LEVEL = 0;
				GCC_PREPROCESSOR_DEFINITIONS = (
					"DEBUG=1",
					"$(inherited)",
				);
				GCC_WARN_64_TO_32_BIT_CONVERSION = YES;
				GCC_WARN_ABOUT_RETURN_TYPE = YES_ERROR;
				GCC_WARN_UNDECLARED_SELECTOR = YES;
				GCC_WARN_UNINITIALIZED_AUTOS = YES_AGGRESSIVE;
				GCC_WARN_UNUSED_FUNCTION = YES;
				GCC_WARN_UNUSED_VARIABLE = YES;
				IPHONEOS_DEPLOYMENT_TARGET = 18.5;
				LOCALIZATION_PREFERS_STRING_CATALOGS = YES;
				MTL_ENABLE_DEBUG_INFO = INCLUDE_SOURCE;
				MTL_FAST_MATH = YES;
				ONLY_ACTIVE_ARCH = YES;
				SDKROOT = iphoneos;
				SWIFT_ACTIVE_COMPILATION_CONDITIONS = "DEBUG $(inherited)";
				SWIFT_OPTIMIZATION_LEVEL = "-Onone";
			};
			name = Debug;
		};
		B3676A662E163C4700DB146A /* Release */ = {
			isa = XCBuildConfiguration;
			buildSettings = {
				ALWAYS_SEARCH_USER_PATHS = NO;
				ASSETCATALOG_COMPILER_GENERATE_SWIFT_ASSET_SYMBOL_EXTENSIONS = YES;
				CLANG_ANALYZER_NONNULL = YES;
				CLANG_ANALYZER_NUMBER_OBJECT_CONVERSION = YES_AGGRESSIVE;
				CLANG_CXX_LANGUAGE_STANDARD = "gnu++20";
				CLANG_ENABLE_MODULES = YES;
				CLANG_ENABLE_OBJC_ARC = YES;
				CLANG_ENABLE_OBJC_WEAK = YES;
				CLANG_WARN_BLOCK_CAPTURE_AUTORELEASING = YES;
				CLANG_WARN_BOOL_CONVERSION = YES;
				CLANG_WARN_COMMA = YES;
				CLANG_WARN_CONSTANT_CONVERSION = YES;
				CLANG_WARN_DEPRECATED_OBJC_IMPLEMENTATIONS = YES;
				CLANG_WARN_DIRECT_OBJC_ISA_USAGE = YES_ERROR;
				CLANG_WARN_DOCUMENTATION_COMMENTS = YES;
				CLANG_WARN_EMPTY_BODY = YES;
				CLANG_WARN_ENUM_CONVERSION = YES;
				CLANG_WARN_INFINITE_RECURSION = YES;
				CLANG_WARN_INT_CONVERSION = YES;
				CLANG_WARN_NON_LITERAL_NULL_CONVERSION = YES;
				CLANG_WARN_OBJC_IMPLICIT_RETAIN_SELF = YES;
				CLANG_WARN_OBJC_LITERAL_CONVERSION = YES;
				CLANG_WARN_OBJC_ROOT_CLASS = YES_ERROR;
				CLANG_WARN_QUOTED_INCLUDE_IN_FRAMEWORK_HEADER = YES;
				CLANG_WARN_RANGE_LOOP_ANALYSIS = YES;
				CLANG_WARN_STRICT_PROTOTYPES = YES;
				CLANG_WARN_SUSPICIOUS_MOVE = YES;
				CLANG_WARN_UNGUARDED_AVAILABILITY = YES_AGGRESSIVE;
				CLANG_WARN_UNREACHABLE_CODE = YES;
				CLANG_WARN__DUPLICATE_METHOD_MATCH = YES;
				COPY_PHASE_STRIP = NO;
				DEBUG_INFORMATION_FORMAT = "dwarf-with-dsym";
				DEVELOPMENT_TEAM = 8GQ5EFFMV3;
				ENABLE_NS_ASSERTIONS = NO;
				ENABLE_STRICT_OBJC_MSGSEND = YES;
				ENABLE_USER_SCRIPT_SANDBOXING = YES;
				GCC_C_LANGUAGE_STANDARD = gnu17;
				GCC_NO_COMMON_BLOCKS = YES;
				GCC_WARN_64_TO_32_BIT_CONVERSION = YES;
				GCC_WARN_ABOUT_RETURN_TYPE = YES_ERROR;
				GCC_WARN_UNDECLARED_SELECTOR = YES;
				GCC_WARN_UNINITIALIZED_AUTOS = YES_AGGRESSIVE;
				GCC_WARN_UNUSED_FUNCTION = YES;
				GCC_WARN_UNUSED_VARIABLE = YES;
				IPHONEOS_DEPLOYMENT_TARGET = 18.5;
				LOCALIZATION_PREFERS_STRING_CATALOGS = YES;
				MTL_ENABLE_DEBUG_INFO = NO;
				MTL_FAST_MATH = YES;
				SDKROOT = iphoneos;
				SWIFT_COMPILATION_MODE = wholemodule;
				VALIDATE_PRODUCT = YES;
			};
			name = Release;
		};
		B3676A682E163C4700DB146A /* Debug */ = {
			isa = XCBuildConfiguration;
			buildSettings = {
				ASSETCATALOG_COMPILER_APPICON_NAME = AppIcon;
				ASSETCATALOG_COMPILER_GLOBAL_ACCENT_COLOR_NAME = AccentColor;
				CODE_SIGN_STYLE = Automatic;
				CURRENT_PROJECT_VERSION = 13;
				DEVELOPMENT_TEAM = 8GQ5EFFMV3;
				ENABLE_PREVIEWS = YES;
				GENERATE_INFOPLIST_FILE = YES;
				INFOPLIST_KEY_BGTaskSchedulerPermittedIdentifiers = com.screenshotnotes.refresh;
				INFOPLIST_KEY_CFBundleDisplayName = "Screenshot Vault";
				INFOPLIST_KEY_LSApplicationCategoryType = "public.app-category.productivity";
				INFOPLIST_KEY_NSMicrophoneUsageDescription = "Screenshot Vault needs microphone access to enable voice search and note transcription features.";
				INFOPLIST_KEY_NSPhotoLibraryAddUsageDescription = "Screenshot Vault needs access to save processed screenshots to your photo library.";
				INFOPLIST_KEY_NSPhotoLibraryUsageDescription = "Screenshot Vault needs access to your photo library to automatically import and organize your screenshots.";
				INFOPLIST_KEY_NSSpeechRecognitionUsageDescription = "Screenshot Vault uses speech recognition to convert your voice input into searchable text and notes.";
				INFOPLIST_KEY_UIApplicationSceneManifest_Generation = YES;
				INFOPLIST_KEY_UIApplicationSupportsIndirectInputEvents = YES;
				INFOPLIST_KEY_UILaunchScreen_Generation = YES;
				INFOPLIST_KEY_UISupportedInterfaceOrientations_iPad = "UIInterfaceOrientationPortrait UIInterfaceOrientationPortraitUpsideDown UIInterfaceOrientationLandscapeLeft UIInterfaceOrientationLandscapeRight";
				INFOPLIST_KEY_UISupportedInterfaceOrientations_iPhone = "UIInterfaceOrientationPortrait UIInterfaceOrientationLandscapeLeft UIInterfaceOrientationLandscapeRight";
				LD_RUNPATH_SEARCH_PATHS = (
					"$(inherited)",
					"@executable_path/Frameworks",
				);
				MARKETING_VERSION = 1.3;
				PRODUCT_BUNDLE_IDENTIFIER = com.screenshotnotes.app.ScreenshotNotes;
				PRODUCT_NAME = "$(TARGET_NAME)";
				SWIFT_EMIT_LOC_STRINGS = YES;
				SWIFT_VERSION = 5.0;
				TARGETED_DEVICE_FAMILY = "1,2";
			};
			name = Debug;
		};
		B3676A692E163C4700DB146A /* Release */ = {
			isa = XCBuildConfiguration;
			buildSettings = {
				ASSETCATALOG_COMPILER_APPICON_NAME = AppIcon;
				ASSETCATALOG_COMPILER_GLOBAL_ACCENT_COLOR_NAME = AccentColor;
				CODE_SIGN_STYLE = Automatic;
				CURRENT_PROJECT_VERSION = 13;
				DEVELOPMENT_TEAM = 8GQ5EFFMV3;
				ENABLE_PREVIEWS = YES;
				GENERATE_INFOPLIST_FILE = YES;
				INFOPLIST_KEY_BGTaskSchedulerPermittedIdentifiers = com.screenshotnotes.refresh;
				INFOPLIST_KEY_CFBundleDisplayName = "Screenshot Vault";
				INFOPLIST_KEY_LSApplicationCategoryType = "public.app-category.productivity";
				INFOPLIST_KEY_NSMicrophoneUsageDescription = "Screenshot Vault needs microphone access to enable voice search and note transcription features.";
				INFOPLIST_KEY_NSPhotoLibraryAddUsageDescription = "Screenshot Vault needs access to save processed screenshots to your photo library.";
				INFOPLIST_KEY_NSPhotoLibraryUsageDescription = "Screenshot Vault needs access to your photo library to automatically import and organize your screenshots.";
				INFOPLIST_KEY_NSSpeechRecognitionUsageDescription = "Screenshot Vault uses speech recognition to convert your voice input into searchable text and notes.";
				INFOPLIST_KEY_UIApplicationSceneManifest_Generation = YES;
				INFOPLIST_KEY_UIApplicationSupportsIndirectInputEvents = YES;
				INFOPLIST_KEY_UILaunchScreen_Generation = YES;
				INFOPLIST_KEY_UISupportedInterfaceOrientations_iPad = "UIInterfaceOrientationPortrait UIInterfaceOrientationPortraitUpsideDown UIInterfaceOrientationLandscapeLeft UIInterfaceOrientationLandscapeRight";
				INFOPLIST_KEY_UISupportedInterfaceOrientations_iPhone = "UIInterfaceOrientationPortrait UIInterfaceOrientationLandscapeLeft UIInterfaceOrientationLandscapeRight";
				LD_RUNPATH_SEARCH_PATHS = (
					"$(inherited)",
					"@executable_path/Frameworks",
				);
				MARKETING_VERSION = 1.3;
				PRODUCT_BUNDLE_IDENTIFIER = com.screenshotnotes.app.ScreenshotNotes;
				PRODUCT_NAME = "$(TARGET_NAME)";
				SWIFT_EMIT_LOC_STRINGS = YES;
				SWIFT_VERSION = 5.0;
				TARGETED_DEVICE_FAMILY = "1,2";
			};
			name = Release;
		};
		B3676A6B2E163C4700DB146A /* Debug */ = {
			isa = XCBuildConfiguration;
			buildSettings = {
				BUNDLE_LOADER = "$(TEST_HOST)";
				CODE_SIGN_STYLE = Automatic;
				CURRENT_PROJECT_VERSION = 13;
				DEVELOPMENT_TEAM = 8GQ5EFFMV3;
				GENERATE_INFOPLIST_FILE = YES;
				IPHONEOS_DEPLOYMENT_TARGET = 18.5;
				MARKETING_VERSION = 1.0;
				PRODUCT_BUNDLE_IDENTIFIER = com.screenshotnotes.app.ScreenshotNotesTests;
				PRODUCT_NAME = "$(TARGET_NAME)";
				SWIFT_EMIT_LOC_STRINGS = NO;
				SWIFT_VERSION = 5.0;
				TARGETED_DEVICE_FAMILY = "1,2";
				TEST_HOST = "$(BUILT_PRODUCTS_DIR)/ScreenshotNotes.app/$(BUNDLE_EXECUTABLE_FOLDER_PATH)/ScreenshotNotes";
			};
			name = Debug;
		};
		B3676A6C2E163C4700DB146A /* Release */ = {
			isa = XCBuildConfiguration;
			buildSettings = {
				BUNDLE_LOADER = "$(TEST_HOST)";
				CODE_SIGN_STYLE = Automatic;
				CURRENT_PROJECT_VERSION = 13;
				DEVELOPMENT_TEAM = 8GQ5EFFMV3;
				GENERATE_INFOPLIST_FILE = YES;
				IPHONEOS_DEPLOYMENT_TARGET = 18.5;
				MARKETING_VERSION = 1.0;
				PRODUCT_BUNDLE_IDENTIFIER = com.screenshotnotes.app.ScreenshotNotesTests;
				PRODUCT_NAME = "$(TARGET_NAME)";
				SWIFT_EMIT_LOC_STRINGS = NO;
				SWIFT_VERSION = 5.0;
				TARGETED_DEVICE_FAMILY = "1,2";
				TEST_HOST = "$(BUILT_PRODUCTS_DIR)/ScreenshotNotes.app/$(BUNDLE_EXECUTABLE_FOLDER_PATH)/ScreenshotNotes";
			};
			name = Release;
		};
		B3676A6E2E163C4700DB146A /* Debug */ = {
			isa = XCBuildConfiguration;
			buildSettings = {
				CODE_SIGN_STYLE = Automatic;
				CURRENT_PROJECT_VERSION = 13;
				DEVELOPMENT_TEAM = 8GQ5EFFMV3;
				GENERATE_INFOPLIST_FILE = YES;
				MARKETING_VERSION = 1.0;
				PRODUCT_BUNDLE_IDENTIFIER = com.screenshotnotes.app.ScreenshotNotesUITests;
				PRODUCT_NAME = "$(TARGET_NAME)";
				SWIFT_EMIT_LOC_STRINGS = NO;
				SWIFT_VERSION = 5.0;
				TARGETED_DEVICE_FAMILY = "1,2";
				TEST_TARGET_NAME = ScreenshotNotes;
			};
			name = Debug;
		};
		B3676A6F2E163C4700DB146A /* Release */ = {
			isa = XCBuildConfiguration;
			buildSettings = {
				CODE_SIGN_STYLE = Automatic;
				CURRENT_PROJECT_VERSION = 13;
				DEVELOPMENT_TEAM = 8GQ5EFFMV3;
				GENERATE_INFOPLIST_FILE = YES;
				MARKETING_VERSION = 1.0;
				PRODUCT_BUNDLE_IDENTIFIER = com.screenshotnotes.app.ScreenshotNotesUITests;
				PRODUCT_NAME = "$(TARGET_NAME)";
				SWIFT_EMIT_LOC_STRINGS = NO;
				SWIFT_VERSION = 5.0;
				TARGETED_DEVICE_FAMILY = "1,2";
				TEST_TARGET_NAME = ScreenshotNotes;
			};
			name = Release;
		};
/* End XCBuildConfiguration section */

/* Begin XCConfigurationList section */
		B3676A3F2E163C4500DB146A /* Build configuration list for PBXProject "ScreenshotNotes" */ = {
			isa = XCConfigurationList;
			buildConfigurations = (
				B3676A652E163C4700DB146A /* Debug */,
				B3676A662E163C4700DB146A /* Release */,
			);
			defaultConfigurationIsVisible = 0;
			defaultConfigurationName = Release;
		};
		B3676A672E163C4700DB146A /* Build configuration list for PBXNativeTarget "ScreenshotNotes" */ = {
			isa = XCConfigurationList;
			buildConfigurations = (
				B3676A682E163C4700DB146A /* Debug */,
				B3676A692E163C4700DB146A /* Release */,
			);
			defaultConfigurationIsVisible = 0;
			defaultConfigurationName = Release;
		};
		B3676A6A2E163C4700DB146A /* Build configuration list for PBXNativeTarget "ScreenshotNotesTests" */ = {
			isa = XCConfigurationList;
			buildConfigurations = (
				B3676A6B2E163C4700DB146A /* Debug */,
				B3676A6C2E163C4700DB146A /* Release */,
			);
			defaultConfigurationIsVisible = 0;
			defaultConfigurationName = Release;
		};
		B3676A6D2E163C4700DB146A /* Build configuration list for PBXNativeTarget "ScreenshotNotesUITests" */ = {
			isa = XCConfigurationList;
			buildConfigurations = (
				B3676A6E2E163C4700DB146A /* Debug */,
				B3676A6F2E163C4700DB146A /* Release */,
			);
			defaultConfigurationIsVisible = 0;
			defaultConfigurationName = Release;
		};
/* End XCConfigurationList section */
	};
	rootObject = B3676A3C2E163C4500DB146A /* Project object */;
}
